// !$*UTF8*$!
{
	archiveVersion = 1;
	classes = {
	};
	objectVersion = 55;
	objects = {

/* Begin PBXBuildFile section */
		BD101BAB2885CFB500A6051A /* AppDelegate.swift in Sources */ = {isa = PBXBuildFile; fileRef = BD101BAA2885CFB500A6051A /* AppDelegate.swift */; };
		BD101BAD2885CFB500A6051A /* SceneDelegate.swift in Sources */ = {isa = PBXBuildFile; fileRef = BD101BAC2885CFB500A6051A /* SceneDelegate.swift */; };
		BD101BAF2885CFB500A6051A /* ViewController.swift in Sources */ = {isa = PBXBuildFile; fileRef = BD101BAE2885CFB500A6051A /* ViewController.swift */; };
		BD101BB22885CFB500A6051A /* Main.storyboard in Resources */ = {isa = PBXBuildFile; fileRef = BD101BB02885CFB500A6051A /* Main.storyboard */; };
		BD101BB52885CFB500A6051A /* Project.xcdatamodeld in Sources */ = {isa = PBXBuildFile; fileRef = BD101BB32885CFB500A6051A /* Project.xcdatamodeld */; };
		BD101BB72885CFB700A6051A /* Assets.xcassets in Resources */ = {isa = PBXBuildFile; fileRef = BD101BB62885CFB700A6051A /* Assets.xcassets */; };
		BD101BBA2885CFB700A6051A /* LaunchScreen.storyboard in Resources */ = {isa = PBXBuildFile; fileRef = BD101BB82885CFB700A6051A /* LaunchScreen.storyboard */; };
		BD101BC52885CFB800A6051A /* ProjectTests.swift in Sources */ = {isa = PBXBuildFile; fileRef = BD101BC42885CFB800A6051A /* ProjectTests.swift */; };
		BD101BCF2885CFB800A6051A /* ProjectUITests.swift in Sources */ = {isa = PBXBuildFile; fileRef = BD101BCE2885CFB800A6051A /* ProjectUITests.swift */; };
		BD101BD12885CFB800A6051A /* ProjectUITestsLaunchTests.swift in Sources */ = {isa = PBXBuildFile; fileRef = BD101BD02885CFB800A6051A /* ProjectUITestsLaunchTests.swift */; };
/* End PBXBuildFile section */

/* Begin PBXContainerItemProxy section */
		BD101BC12885CFB800A6051A /* PBXContainerItemProxy */ = {
			isa = PBXContainerItemProxy;
			containerPortal = BD101B9F2885CFB500A6051A /* Project object */;
			proxyType = 1;
			remoteGlobalIDString = BD101BA62885CFB500A6051A;
			remoteInfo = Project;
		};
		BD101BCB2885CFB800A6051A /* PBXContainerItemProxy */ = {
			isa = PBXContainerItemProxy;
			containerPortal = BD101B9F2885CFB500A6051A /* Project object */;
			proxyType = 1;
			remoteGlobalIDString = BD101BA62885CFB500A6051A;
			remoteInfo = Project;
		};
/* End PBXContainerItemProxy section */

/* Begin PBXFileReference section */
		BD101BA72885CFB500A6051A /* Project.app */ = {isa = PBXFileReference; explicitFileType = wrapper.application; includeInIndex = 0; path = Project.app; sourceTree = BUILT_PRODUCTS_DIR; };
		BD101BAA2885CFB500A6051A /* AppDelegate.swift */ = {isa = PBXFileReference; lastKnownFileType = sourcecode.swift; path = AppDelegate.swift; sourceTree = "<group>"; };
		BD101BAC2885CFB500A6051A /* SceneDelegate.swift */ = {isa = PBXFileReference; lastKnownFileType = sourcecode.swift; path = SceneDelegate.swift; sourceTree = "<group>"; };
		BD101BAE2885CFB500A6051A /* ViewController.swift */ = {isa = PBXFileReference; lastKnownFileType = sourcecode.swift; path = ViewController.swift; sourceTree = "<group>"; };
		BD101BB12885CFB500A6051A /* Base */ = {isa = PBXFileReference; lastKnownFileType = file.storyboard; name = Base; path = Base.lproj/Main.storyboard; sourceTree = "<group>"; };
		BD101BB42885CFB500A6051A /* Project.xcdatamodel */ = {isa = PBXFileReference; lastKnownFileType = wrapper.xcdatamodel; path = Project.xcdatamodel; sourceTree = "<group>"; };
		BD101BB62885CFB700A6051A /* Assets.xcassets */ = {isa = PBXFileReference; lastKnownFileType = folder.assetcatalog; path = Assets.xcassets; sourceTree = "<group>"; };
		BD101BB92885CFB700A6051A /* Base */ = {isa = PBXFileReference; lastKnownFileType = file.storyboard; name = Base; path = Base.lproj/LaunchScreen.storyboard; sourceTree = "<group>"; };
		BD101BBB2885CFB700A6051A /* Info.plist */ = {isa = PBXFileReference; lastKnownFileType = text.plist.xml; path = Info.plist; sourceTree = "<group>"; };
		BD101BC02885CFB800A6051A /* ProjectTests.xctest */ = {isa = PBXFileReference; explicitFileType = wrapper.cfbundle; includeInIndex = 0; path = ProjectTests.xctest; sourceTree = BUILT_PRODUCTS_DIR; };
		BD101BC42885CFB800A6051A /* ProjectTests.swift */ = {isa = PBXFileReference; lastKnownFileType = sourcecode.swift; path = ProjectTests.swift; sourceTree = "<group>"; };
		BD101BCA2885CFB800A6051A /* ProjectUITests.xctest */ = {isa = PBXFileReference; explicitFileType = wrapper.cfbundle; includeInIndex = 0; path = ProjectUITests.xctest; sourceTree = BUILT_PRODUCTS_DIR; };
		BD101BCE2885CFB800A6051A /* ProjectUITests.swift */ = {isa = PBXFileReference; lastKnownFileType = sourcecode.swift; path = ProjectUITests.swift; sourceTree = "<group>"; };
		BD101BD02885CFB800A6051A /* ProjectUITestsLaunchTests.swift */ = {isa = PBXFileReference; lastKnownFileType = sourcecode.swift; path = ProjectUITestsLaunchTests.swift; sourceTree = "<group>"; };
/* End PBXFileReference section */

/* Begin PBXFrameworksBuildPhase section */
		BD101BA42885CFB500A6051A /* Frameworks */ = {
			isa = PBXFrameworksBuildPhase;
			buildActionMask = 2147483647;
			files = (
			);
			runOnlyForDeploymentPostprocessing = 0;
		};
		BD101BBD2885CFB800A6051A /* Frameworks */ = {
			isa = PBXFrameworksBuildPhase;
			buildActionMask = 2147483647;
			files = (
			);
			runOnlyForDeploymentPostprocessing = 0;
		};
		BD101BC72885CFB800A6051A /* Frameworks */ = {
			isa = PBXFrameworksBuildPhase;
			buildActionMask = 2147483647;
			files = (
			);
			runOnlyForDeploymentPostprocessing = 0;
		};
/* End PBXFrameworksBuildPhase section */

/* Begin PBXGroup section */
		BD101B9E2885CFB500A6051A = {
			isa = PBXGroup;
			children = (
				BD101BA92885CFB500A6051A /* Project */,
				BD101BC32885CFB800A6051A /* ProjectTests */,
				BD101BCD2885CFB800A6051A /* ProjectUITests */,
				BD101BA82885CFB500A6051A /* Products */,
			);
			sourceTree = "<group>";
		};
		BD101BA82885CFB500A6051A /* Products */ = {
			isa = PBXGroup;
			children = (
				BD101BA72885CFB500A6051A /* Project.app */,
				BD101BC02885CFB800A6051A /* ProjectTests.xctest */,
				BD101BCA2885CFB800A6051A /* ProjectUITests.xctest */,
			);
			name = Products;
			sourceTree = "<group>";
		};
		BD101BA92885CFB500A6051A /* Project */ = {
			isa = PBXGroup;
			children = (
				BD101BAA2885CFB500A6051A /* AppDelegate.swift */,
				BD101BAC2885CFB500A6051A /* SceneDelegate.swift */,
				BD101BAE2885CFB500A6051A /* ViewController.swift */,
				BD101BB02885CFB500A6051A /* Main.storyboard */,
				BD101BB62885CFB700A6051A /* Assets.xcassets */,
				BD101BB82885CFB700A6051A /* LaunchScreen.storyboard */,
				BD101BBB2885CFB700A6051A /* Info.plist */,
				BD101BB32885CFB500A6051A /* Project.xcdatamodeld */,
			);
			path = Project;
			sourceTree = "<group>";
		};
		BD101BC32885CFB800A6051A /* ProjectTests */ = {
			isa = PBXGroup;
			children = (
				BD101BC42885CFB800A6051A /* ProjectTests.swift */,
			);
			path = ProjectTests;
			sourceTree = "<group>";
		};
		BD101BCD2885CFB800A6051A /* ProjectUITests */ = {
			isa = PBXGroup;
			children = (
				BD101BCE2885CFB800A6051A /* ProjectUITests.swift */,
				BD101BD02885CFB800A6051A /* ProjectUITestsLaunchTests.swift */,
			);
			path = ProjectUITests;
			sourceTree = "<group>";
		};
/* End PBXGroup section */

/* Begin PBXNativeTarget section */
		BD101BA62885CFB500A6051A /* Project */ = {
			isa = PBXNativeTarget;
			buildConfigurationList = BD101BD42885CFB800A6051A /* Build configuration list for PBXNativeTarget "Project" */;
			buildPhases = (
				BD101BA32885CFB500A6051A /* Sources */,
				BD101BA42885CFB500A6051A /* Frameworks */,
				BD101BA52885CFB500A6051A /* Resources */,
			);
			buildRules = (
			);
			dependencies = (
			);
			name = Project;
			productName = Project;
			productReference = BD101BA72885CFB500A6051A /* Project.app */;
			productType = "com.apple.product-type.application";
		};
		BD101BBF2885CFB800A6051A /* ProjectTests */ = {
			isa = PBXNativeTarget;
			buildConfigurationList = BD101BD72885CFB800A6051A /* Build configuration list for PBXNativeTarget "ProjectTests" */;
			buildPhases = (
				BD101BBC2885CFB800A6051A /* Sources */,
				BD101BBD2885CFB800A6051A /* Frameworks */,
				BD101BBE2885CFB800A6051A /* Resources */,
			);
			buildRules = (
			);
			dependencies = (
				BD101BC22885CFB800A6051A /* PBXTargetDependency */,
			);
			name = ProjectTests;
			productName = ProjectTests;
			productReference = BD101BC02885CFB800A6051A /* ProjectTests.xctest */;
			productType = "com.apple.product-type.bundle.unit-test";
		};
		BD101BC92885CFB800A6051A /* ProjectUITests */ = {
			isa = PBXNativeTarget;
			buildConfigurationList = BD101BDA2885CFB800A6051A /* Build configuration list for PBXNativeTarget "ProjectUITests" */;
			buildPhases = (
				BD101BC62885CFB800A6051A /* Sources */,
				BD101BC72885CFB800A6051A /* Frameworks */,
				BD101BC82885CFB800A6051A /* Resources */,
			);
			buildRules = (
			);
			dependencies = (
				BD101BCC2885CFB800A6051A /* PBXTargetDependency */,
			);
			name = ProjectUITests;
			productName = ProjectUITests;
			productReference = BD101BCA2885CFB800A6051A /* ProjectUITests.xctest */;
			productType = "com.apple.product-type.bundle.ui-testing";
		};
/* End PBXNativeTarget section */

/* Begin PBXProject section */
		BD101B9F2885CFB500A6051A /* Project object */ = {
			isa = PBXProject;
			attributes = {
				BuildIndependentTargetsInParallel = 1;
				LastSwiftUpdateCheck = 1340;
				LastUpgradeCheck = 1340;
				TargetAttributes = {
					BD101BA62885CFB500A6051A = {
						CreatedOnToolsVersion = 13.4.1;
					};
					BD101BBF2885CFB800A6051A = {
						CreatedOnToolsVersion = 13.4.1;
						TestTargetID = BD101BA62885CFB500A6051A;
					};
					BD101BC92885CFB800A6051A = {
						CreatedOnToolsVersion = 13.4.1;
						TestTargetID = BD101BA62885CFB500A6051A;
					};
				};
			};
			buildConfigurationList = BD101BA22885CFB500A6051A /* Build configuration list for PBXProject "Project" */;
			compatibilityVersion = "Xcode 13.0";
			developmentRegion = en;
			hasScannedForEncodings = 0;
			knownRegions = (
				en,
				Base,
			);
			mainGroup = BD101B9E2885CFB500A6051A;
			productRefGroup = BD101BA82885CFB500A6051A /* Products */;
			projectDirPath = "";
			projectRoot = "";
			targets = (
				BD101BA62885CFB500A6051A /* Project */,
				BD101BBF2885CFB800A6051A /* ProjectTests */,
				BD101BC92885CFB800A6051A /* ProjectUITests */,
			);
		};
/* End PBXProject section */

/* Begin PBXResourcesBuildPhase section */
		BD101BA52885CFB500A6051A /* Resources */ = {
			isa = PBXResourcesBuildPhase;
			buildActionMask = 2147483647;
			files = (
				BD101BBA2885CFB700A6051A /* LaunchScreen.storyboard in Resources */,
				BD101BB72885CFB700A6051A /* Assets.xcassets in Resources */,
				BD101BB22885CFB500A6051A /* Main.storyboard in Resources */,
			);
			runOnlyForDeploymentPostprocessing = 0;
		};
		BD101BBE2885CFB800A6051A /* Resources */ = {
			isa = PBXResourcesBuildPhase;
			buildActionMask = 2147483647;
			files = (
			);
			runOnlyForDeploymentPostprocessing = 0;
		};
		BD101BC82885CFB800A6051A /* Resources */ = {
			isa = PBXResourcesBuildPhase;
			buildActionMask = 2147483647;
			files = (
			);
			runOnlyForDeploymentPostprocessing = 0;
		};
/* End PBXResourcesBuildPhase section */

/* Begin PBXSourcesBuildPhase section */
		BD101BA32885CFB500A6051A /* Sources */ = {
			isa = PBXSourcesBuildPhase;
			buildActionMask = 2147483647;
			files = (
				BD101BAF2885CFB500A6051A /* ViewController.swift in Sources */,
				BD101BAB2885CFB500A6051A /* AppDelegate.swift in Sources */,
				BD101BAD2885CFB500A6051A /* SceneDelegate.swift in Sources */,
				BD101BB52885CFB500A6051A /* Project.xcdatamodeld in Sources */,
			);
			runOnlyForDeploymentPostprocessing = 0;
		};
		BD101BBC2885CFB800A6051A /* Sources */ = {
			isa = PBXSourcesBuildPhase;
			buildActionMask = 2147483647;
			files = (
				BD101BC52885CFB800A6051A /* ProjectTests.swift in Sources */,
			);
			runOnlyForDeploymentPostprocessing = 0;
		};
		BD101BC62885CFB800A6051A /* Sources */ = {
			isa = PBXSourcesBuildPhase;
			buildActionMask = 2147483647;
			files = (
				BD101BD12885CFB800A6051A /* ProjectUITestsLaunchTests.swift in Sources */,
				BD101BCF2885CFB800A6051A /* ProjectUITests.swift in Sources */,
			);
			runOnlyForDeploymentPostprocessing = 0;
		};
/* End PBXSourcesBuildPhase section */

/* Begin PBXTargetDependency section */
		BD101BC22885CFB800A6051A /* PBXTargetDependency */ = {
			isa = PBXTargetDependency;
			target = BD101BA62885CFB500A6051A /* Project */;
			targetProxy = BD101BC12885CFB800A6051A /* PBXContainerItemProxy */;
		};
		BD101BCC2885CFB800A6051A /* PBXTargetDependency */ = {
			isa = PBXTargetDependency;
			target = BD101BA62885CFB500A6051A /* Project */;
			targetProxy = BD101BCB2885CFB800A6051A /* PBXContainerItemProxy */;
		};
/* End PBXTargetDependency section */

/* Begin PBXVariantGroup section */
		BD101BB02885CFB500A6051A /* Main.storyboard */ = {
			isa = PBXVariantGroup;
			children = (
				BD101BB12885CFB500A6051A /* Base */,
			);
			name = Main.storyboard;
			sourceTree = "<group>";
		};
		BD101BB82885CFB700A6051A /* LaunchScreen.storyboard */ = {
			isa = PBXVariantGroup;
			children = (
				BD101BB92885CFB700A6051A /* Base */,
			);
			name = LaunchScreen.storyboard;
			sourceTree = "<group>";
		};
/* End PBXVariantGroup section */

/* Begin XCBuildConfiguration section */
		BD101BD22885CFB800A6051A /* Debug */ = {
			isa = XCBuildConfiguration;
			buildSettings = {
				ALWAYS_SEARCH_USER_PATHS = NO;
				CLANG_ANALYZER_NONNULL = YES;
				CLANG_ANALYZER_NUMBER_OBJECT_CONVERSION = YES_AGGRESSIVE;
				CLANG_CXX_LANGUAGE_STANDARD = "gnu++17";
				CLANG_ENABLE_MODULES = YES;
				CLANG_ENABLE_OBJC_ARC = YES;
				CLANG_ENABLE_OBJC_WEAK = YES;
				CLANG_WARN_BLOCK_CAPTURE_AUTORELEASING = YES;
				CLANG_WARN_BOOL_CONVERSION = YES;
				CLANG_WARN_COMMA = YES;
				CLANG_WARN_CONSTANT_CONVERSION = YES;
				CLANG_WARN_DEPRECATED_OBJC_IMPLEMENTATIONS = YES;
				CLANG_WARN_DIRECT_OBJC_ISA_USAGE = YES_ERROR;
				CLANG_WARN_DOCUMENTATION_COMMENTS = YES;
				CLANG_WARN_EMPTY_BODY = YES;
				CLANG_WARN_ENUM_CONVERSION = YES;
				CLANG_WARN_INFINITE_RECURSION = YES;
				CLANG_WARN_INT_CONVERSION = YES;
				CLANG_WARN_NON_LITERAL_NULL_CONVERSION = YES;
				CLANG_WARN_OBJC_IMPLICIT_RETAIN_SELF = YES;
				CLANG_WARN_OBJC_LITERAL_CONVERSION = YES;
				CLANG_WARN_OBJC_ROOT_CLASS = YES_ERROR;
				CLANG_WARN_QUOTED_INCLUDE_IN_FRAMEWORK_HEADER = YES;
				CLANG_WARN_RANGE_LOOP_ANALYSIS = YES;
				CLANG_WARN_STRICT_PROTOTYPES = YES;
				CLANG_WARN_SUSPICIOUS_MOVE = YES;
				CLANG_WARN_UNGUARDED_AVAILABILITY = YES_AGGRESSIVE;
				CLANG_WARN_UNREACHABLE_CODE = YES;
				CLANG_WARN__DUPLICATE_METHOD_MATCH = YES;
				COPY_PHASE_STRIP = NO;
				DEBUG_INFORMATION_FORMAT = dwarf;
				ENABLE_STRICT_OBJC_MSGSEND = YES;
				ENABLE_TESTABILITY = YES;
				GCC_C_LANGUAGE_STANDARD = gnu11;
				GCC_DYNAMIC_NO_PIC = NO;
				GCC_NO_COMMON_BLOCKS = YES;
				GCC_OPTIMIZATION_LEVEL = 0;
				GCC_PREPROCESSOR_DEFINITIONS = (
					"DEBUG=1",
					"$(inherited)",
				);
				GCC_WARN_64_TO_32_BIT_CONVERSION = YES;
				GCC_WARN_ABOUT_RETURN_TYPE = YES_ERROR;
				GCC_WARN_UNDECLARED_SELECTOR = YES;
				GCC_WARN_UNINITIALIZED_AUTOS = YES_AGGRESSIVE;
				GCC_WARN_UNUSED_FUNCTION = YES;
				GCC_WARN_UNUSED_VARIABLE = YES;
				IPHONEOS_DEPLOYMENT_TARGET = 15.5;
				MTL_ENABLE_DEBUG_INFO = INCLUDE_SOURCE;
				MTL_FAST_MATH = YES;
				ONLY_ACTIVE_ARCH = YES;
				SDKROOT = iphoneos;
				SWIFT_ACTIVE_COMPILATION_CONDITIONS = DEBUG;
				SWIFT_OPTIMIZATION_LEVEL = "-Onone";
			};
			name = Debug;
		};
		BD101BD32885CFB800A6051A /* Release */ = {
			isa = XCBuildConfiguration;
			buildSettings = {
				ALWAYS_SEARCH_USER_PATHS = NO;
				CLANG_ANALYZER_NONNULL = YES;
				CLANG_ANALYZER_NUMBER_OBJECT_CONVERSION = YES_AGGRESSIVE;
				CLANG_CXX_LANGUAGE_STANDARD = "gnu++17";
				CLANG_ENABLE_MODULES = YES;
				CLANG_ENABLE_OBJC_ARC = YES;
				CLANG_ENABLE_OBJC_WEAK = YES;
				CLANG_WARN_BLOCK_CAPTURE_AUTORELEASING = YES;
				CLANG_WARN_BOOL_CONVERSION = YES;
				CLANG_WARN_COMMA = YES;
				CLANG_WARN_CONSTANT_CONVERSION = YES;
				CLANG_WARN_DEPRECATED_OBJC_IMPLEMENTATIONS = YES;
				CLANG_WARN_DIRECT_OBJC_ISA_USAGE = YES_ERROR;
				CLANG_WARN_DOCUMENTATION_COMMENTS = YES;
				CLANG_WARN_EMPTY_BODY = YES;
				CLANG_WARN_ENUM_CONVERSION = YES;
				CLANG_WARN_INFINITE_RECURSION = YES;
				CLANG_WARN_INT_CONVERSION = YES;
				CLANG_WARN_NON_LITERAL_NULL_CONVERSION = YES;
				CLANG_WARN_OBJC_IMPLICIT_RETAIN_SELF = YES;
				CLANG_WARN_OBJC_LITERAL_CONVERSION = YES;
				CLANG_WARN_OBJC_ROOT_CLASS = YES_ERROR;
				CLANG_WARN_QUOTED_INCLUDE_IN_FRAMEWORK_HEADER = YES;
				CLANG_WARN_RANGE_LOOP_ANALYSIS = YES;
				CLANG_WARN_STRICT_PROTOTYPES = YES;
				CLANG_WARN_SUSPICIOUS_MOVE = YES;
				CLANG_WARN_UNGUARDED_AVAILABILITY = YES_AGGRESSIVE;
				CLANG_WARN_UNREACHABLE_CODE = YES;
				CLANG_WARN__DUPLICATE_METHOD_MATCH = YES;
				COPY_PHASE_STRIP = NO;
				DEBUG_INFORMATION_FORMAT = "dwarf-with-dsym";
				ENABLE_NS_ASSERTIONS = NO;
				ENABLE_STRICT_OBJC_MSGSEND = YES;
				GCC_C_LANGUAGE_STANDARD = gnu11;
				GCC_NO_COMMON_BLOCKS = YES;
				GCC_WARN_64_TO_32_BIT_CONVERSION = YES;
				GCC_WARN_ABOUT_RETURN_TYPE = YES_ERROR;
				GCC_WARN_UNDECLARED_SELECTOR = YES;
				GCC_WARN_UNINITIALIZED_AUTOS = YES_AGGRESSIVE;
				GCC_WARN_UNUSED_FUNCTION = YES;
				GCC_WARN_UNUSED_VARIABLE = YES;
				IPHONEOS_DEPLOYMENT_TARGET = 15.5;
				MTL_ENABLE_DEBUG_INFO = NO;
				MTL_FAST_MATH = YES;
				SDKROOT = iphoneos;
				SWIFT_COMPILATION_MODE = wholemodule;
				SWIFT_OPTIMIZATION_LEVEL = "-O";
				VALIDATE_PRODUCT = YES;
			};
			name = Release;
		};
		BD101BD52885CFB800A6051A /* Debug */ = {
			isa = XCBuildConfiguration;
			buildSettings = {
				ASSETCATALOG_COMPILER_APPICON_NAME = AppIcon;
				ASSETCATALOG_COMPILER_GLOBAL_ACCENT_COLOR_NAME = AccentColor;
				CODE_SIGN_STYLE = Automatic;
				CURRENT_PROJECT_VERSION = 1;
				GENERATE_INFOPLIST_FILE = YES;
				INFOPLIST_FILE = Project/Info.plist;
				INFOPLIST_KEY_UIApplicationSupportsIndirectInputEvents = YES;
				INFOPLIST_KEY_UILaunchStoryboardName = LaunchScreen;
				INFOPLIST_KEY_UIMainStoryboardFile = Main;
				INFOPLIST_KEY_UISupportedInterfaceOrientations_iPad = "UIInterfaceOrientationPortrait UIInterfaceOrientationPortraitUpsideDown UIInterfaceOrientationLandscapeLeft UIInterfaceOrientationLandscapeRight";
				INFOPLIST_KEY_UISupportedInterfaceOrientations_iPhone = "UIInterfaceOrientationPortrait UIInterfaceOrientationLandscapeLeft UIInterfaceOrientationLandscapeRight";
				LD_RUNPATH_SEARCH_PATHS = (
					"$(inherited)",
					"@executable_path/Frameworks",
				);
				MARKETING_VERSION = 1.0;
				PRODUCT_BUNDLE_IDENTIFIER = KWK3.3.Project;
				PRODUCT_NAME = "$(TARGET_NAME)";
				SWIFT_EMIT_LOC_STRINGS = YES;
				SWIFT_VERSION = 5.0;
				TARGETED_DEVICE_FAMILY = "1,2";
			};
			name = Debug;
		};
		BD101BD62885CFB800A6051A /* Release */ = {
			isa = XCBuildConfiguration;
			buildSettings = {
				ASSETCATALOG_COMPILER_APPICON_NAME = AppIcon;
				ASSETCATALOG_COMPILER_GLOBAL_ACCENT_COLOR_NAME = AccentColor;
				CODE_SIGN_STYLE = Automatic;
				CURRENT_PROJECT_VERSION = 1;
				GENERATE_INFOPLIST_FILE = YES;
				INFOPLIST_FILE = Project/Info.plist;
				INFOPLIST_KEY_UIApplicationSupportsIndirectInputEvents = YES;
				INFOPLIST_KEY_UILaunchStoryboardName = LaunchScreen;
				INFOPLIST_KEY_UIMainStoryboardFile = Main;
				INFOPLIST_KEY_UISupportedInterfaceOrientations_iPad = "UIInterfaceOrientationPortrait UIInterfaceOrientationPortraitUpsideDown UIInterfaceOrientationLandscapeLeft UIInterfaceOrientationLandscapeRight";
				INFOPLIST_KEY_UISupportedInterfaceOrientations_iPhone = "UIInterfaceOrientationPortrait UIInterfaceOrientationLandscapeLeft UIInterfaceOrientationLandscapeRight";
				LD_RUNPATH_SEARCH_PATHS = (
					"$(inherited)",
					"@executable_path/Frameworks",
				);
				MARKETING_VERSION = 1.0;
				PRODUCT_BUNDLE_IDENTIFIER = KWK3.3.Project;
				PRODUCT_NAME = "$(TARGET_NAME)";
				SWIFT_EMIT_LOC_STRINGS = YES;
				SWIFT_VERSION = 5.0;
				TARGETED_DEVICE_FAMILY = "1,2";
			};
			name = Release;
		};
		BD101BD82885CFB800A6051A /* Debug */ = {
			isa = XCBuildConfiguration;
			buildSettings = {
				ALWAYS_EMBED_SWIFT_STANDARD_LIBRARIES = YES;
				BUNDLE_LOADER = "$(TEST_HOST)";
				CODE_SIGN_STYLE = Automatic;
				CURRENT_PROJECT_VERSION = 1;
				GENERATE_INFOPLIST_FILE = YES;
				IPHONEOS_DEPLOYMENT_TARGET = 15.5;
				MARKETING_VERSION = 1.0;
				PRODUCT_BUNDLE_IDENTIFIER = KWK3.3.ProjectTests;
				PRODUCT_NAME = "$(TARGET_NAME)";
				SWIFT_EMIT_LOC_STRINGS = NO;
				SWIFT_VERSION = 5.0;
				TARGETED_DEVICE_FAMILY = "1,2";
				TEST_HOST = "$(BUILT_PRODUCTS_DIR)/Project.app/Project";
			};
			name = Debug;
		};
		BD101BD92885CFB800A6051A /* Release */ = {
			isa = XCBuildConfiguration;
			buildSettings = {
				ALWAYS_EMBED_SWIFT_STANDARD_LIBRARIES = YES;
				BUNDLE_LOADER = "$(TEST_HOST)";
				CODE_SIGN_STYLE = Automatic;
				CURRENT_PROJECT_VERSION = 1;
				GENERATE_INFOPLIST_FILE = YES;
				IPHONEOS_DEPLOYMENT_TARGET = 15.5;
				MARKETING_VERSION = 1.0;
				PRODUCT_BUNDLE_IDENTIFIER = KWK3.3.ProjectTests;
				PRODUCT_NAME = "$(TARGET_NAME)";
				SWIFT_EMIT_LOC_STRINGS = NO;
				SWIFT_VERSION = 5.0;
				TARGETED_DEVICE_FAMILY = "1,2";
				TEST_HOST = "$(BUILT_PRODUCTS_DIR)/Project.app/Project";
			};
			name = Release;
		};
		BD101BDB2885CFB800A6051A /* Debug */ = {
			isa = XCBuildConfiguration;
			buildSettings = {
				ALWAYS_EMBED_SWIFT_STANDARD_LIBRARIES = YES;
				CODE_SIGN_STYLE = Automatic;
				CURRENT_PROJECT_VERSION = 1;
				GENERATE_INFOPLIST_FILE = YES;
				MARKETING_VERSION = 1.0;
				PRODUCT_BUNDLE_IDENTIFIER = KWK3.3.ProjectUITests;
				PRODUCT_NAME = "$(TARGET_NAME)";
				SWIFT_EMIT_LOC_STRINGS = NO;
				SWIFT_VERSION = 5.0;
				TARGETED_DEVICE_FAMILY = "1,2";
				TEST_TARGET_NAME = Project;
			};
			name = Debug;
		};
		BD101BDC2885CFB800A6051A /* Release */ = {
			isa = XCBuildConfiguration;
			buildSettings = {
				ALWAYS_EMBED_SWIFT_STANDARD_LIBRARIES = YES;
				CODE_SIGN_STYLE = Automatic;
				CURRENT_PROJECT_VERSION = 1;
				GENERATE_INFOPLIST_FILE = YES;
				MARKETING_VERSION = 1.0;
				PRODUCT_BUNDLE_IDENTIFIER = KWK3.3.ProjectUITests;
				PRODUCT_NAME = "$(TARGET_NAME)";
				SWIFT_EMIT_LOC_STRINGS = NO;
				SWIFT_VERSION = 5.0;
				TARGETED_DEVICE_FAMILY = "1,2";
				TEST_TARGET_NAME = Project;
			};
			name = Release;
		};
/* End XCBuildConfiguration section */

/* Begin XCConfigurationList section */
		BD101BA22885CFB500A6051A /* Build configuration list for PBXProject "Project" */ = {
			isa = XCConfigurationList;
			buildConfigurations = (
				BD101BD22885CFB800A6051A /* Debug */,
				BD101BD32885CFB800A6051A /* Release */,
			);
			defaultConfigurationIsVisible = 0;
			defaultConfigurationName = Release;
		};
		BD101BD42885CFB800A6051A /* Build configuration list for PBXNativeTarget "Project" */ = {
			isa = XCConfigurationList;
			buildConfigurations = (
				BD101BD52885CFB800A6051A /* Debug */,
				BD101BD62885CFB800A6051A /* Release */,
			);
			defaultConfigurationIsVisible = 0;
			defaultConfigurationName = Release;
		};
		BD101BD72885CFB800A6051A /* Build configuration list for PBXNativeTarget "ProjectTests" */ = {
			isa = XCConfigurationList;
			buildConfigurations = (
				BD101BD82885CFB800A6051A /* Debug */,
				BD101BD92885CFB800A6051A /* Release */,
			);
			defaultConfigurationIsVisible = 0;
			defaultConfigurationName = Release;
		};
		BD101BDA2885CFB800A6051A /* Build configuration list for PBXNativeTarget "ProjectUITests" */ = {
			isa = XCConfigurationList;
			buildConfigurations = (
				BD101BDB2885CFB800A6051A /* Debug */,
				BD101BDC2885CFB800A6051A /* Release */,
			);
			defaultConfigurationIsVisible = 0;
			defaultConfigurationName = Release;
		};
/* End XCConfigurationList section */

/* Begin XCVersionGroup section */
		BD101BB32885CFB500A6051A /* Project.xcdatamodeld */ = {
			isa = XCVersionGroup;
			children = (
				BD101BB42885CFB500A6051A /* Project.xcdatamodel */,
			);
			currentVersion = BD101BB42885CFB500A6051A /* Project.xcdatamodel */;
			path = Project.xcdatamodeld;
			sourceTree = "<group>";
			versionGroupType = wrapper.xcdatamodel;
		};
/* End XCVersionGroup section */
	};
	rootObject = BD101B9F2885CFB500A6051A /* Project object */;
}
